
Microsoft Visual Studio Solution File, Format Version 12.00
# Visual Studio 14
VisualStudioVersion = 14.0.25420.1
MinimumVisualStudioVersion = 10.0.40219.1
Project("{FAE04EC0-301F-11D3-BF4B-00C04F79EFBC}") = "Wallpaper10CnC", "Wallpaper10CnC.csproj", "{19B58CCF-8EB7-4C03-95F3-00D51558F034}"
EndProject
Project("{FAE04EC0-301F-11D3-BF4B-00C04F79EFBC}") = "Wallpaper10CnCTests", "..\Wallpaper10CnCTests\Wallpaper10CnCTests.csproj", "{D64D4430-156F-4B50-92CA-B1CB39F2B89B}"
EndProject
Global
	GlobalSection(SolutionConfigurationPlatforms) = preSolution
		Debug|Any CPU = Debug|Any CPU
		Release|Any CPU = Release|Any CPU
	EndGlobalSection
	GlobalSection(ProjectConfigurationPlatforms) = postSolution
		{19B58CCF-8EB7-4C03-95F3-00D51558F034}.Debug|Any CPU.ActiveCfg = Debug|Any CPU
		{19B58CCF-8EB7-4C03-95F3-00D51558F034}.Debug|Any CPU.Build.0 = Debug|Any CPU
		{19B58CCF-8EB7-4C03-95F3-00D51558F034}.Release|Any CPU.ActiveCfg = Release|Any CPU
		{19B58CCF-8EB7-4C03-95F3-00D51558F034}.Release|Any CPU.Build.0 = Release|Any CPU
		{D64D4430-156F-4B50-92CA-B1CB39F2B89B}.Debug|Any CPU.ActiveCfg = Debug|Any CPU
		{D64D4430-156F-4B50-92CA-B1CB39F2B89B}.Debug|Any CPU.Build.0 = Debug|Any CPU
		{D64D4430-156F-4B50-92CA-B1CB39F2B89B}.Release|Any CPU.ActiveCfg = Release|Any CPU
		{D64D4430-156F-4B50-92CA-B1CB39F2B89B}.Release|Any CPU.Build.0 = Release|Any CPU
	EndGlobalSection
	GlobalSection(SolutionProperties) = preSolution
		HideSolutionNode = FALSE
	EndGlobalSection
EndGlobal
